
Microsoft Visual Studio Solution File, Format Version 12.00
# Visual Studio Version 17
VisualStudioVersion = 17.14.36310.24
MinimumVisualStudioVersion = 10.0.40219.1
Project("{FAE04EC0-301F-11D3-BF4B-00C04F79EFBC}") = "vFalcon", "vFalcon.csproj", "{22DD59F0-6D70-48B4-963A-3B1F8F058609}"
EndProject
Global
	GlobalSection(SolutionConfigurationPlatforms) = preSolution
		Debug|Any CPU = Debug|Any CPU
		Release|Any CPU = Release|Any CPU
	EndGlobalSection
	GlobalSection(ProjectConfigurationPlatforms) = postSolution
		{22DD59F0-6D70-48B4-963A-3B1F8F058609}.Debug|Any CPU.ActiveCfg = Debug|Any CPU
		{22DD59F0-6D70-48B4-963A-3B1F8F058609}.Debug|Any CPU.Build.0 = Debug|Any CPU
		{22DD59F0-6D70-48B4-963A-3B1F8F058609}.Release|Any CPU.ActiveCfg = Release|Any CPU
		{22DD59F0-6D70-48B4-963A-3B1F8F058609}.Release|Any CPU.Build.0 = Release|Any CPU
	EndGlobalSection
	GlobalSection(SolutionProperties) = preSolution
		HideSolutionNode = FALSE
	EndGlobalSection
	GlobalSection(ExtensibilityGlobals) = postSolution
		SolutionGuid = {B0F93D9C-735D-440A-800D-813CAFEB2227}
	EndGlobalSection
EndGlobal
